// !$*UTF8*$!
{
	archiveVersion = 1;
	classes = {
	};
	objectVersion = 50;
	objects = {

/* Begin PBXBuildFile section */
		1D5133BB25F5FDDA0057ABDA /* FructusApp.swift in Sources */ = {isa = PBXBuildFile; fileRef = 1D5133BA25F5FDDA0057ABDA /* FructusApp.swift */; };
		1D5133BD25F5FDDA0057ABDA /* ContentView.swift in Sources */ = {isa = PBXBuildFile; fileRef = 1D5133BC25F5FDDA0057ABDA /* ContentView.swift */; };
		1D5133BF25F5FDDC0057ABDA /* Assets.xcassets in Resources */ = {isa = PBXBuildFile; fileRef = 1D5133BE25F5FDDC0057ABDA /* Assets.xcassets */; };
		1D5133C225F5FDDC0057ABDA /* Preview Assets.xcassets in Resources */ = {isa = PBXBuildFile; fileRef = 1D5133C125F5FDDC0057ABDA /* Preview Assets.xcassets */; };
		1D5133CF25F60AA10057ABDA /* FruitCardView.swift in Sources */ = {isa = PBXBuildFile; fileRef = 1D5133CE25F60AA10057ABDA /* FruitCardView.swift */; };
		1D5133D325F6127A0057ABDA /* StartButtonView.swift in Sources */ = {isa = PBXBuildFile; fileRef = 1D5133D225F6127A0057ABDA /* StartButtonView.swift */; };
		1D5133D625F619AC0057ABDA /* OnboardingView.swift in Sources */ = {isa = PBXBuildFile; fileRef = 1D5133D525F619AC0057ABDA /* OnboardingView.swift */; };
		1D5133DA25F65BD90057ABDA /* FruitsModel.swift in Sources */ = {isa = PBXBuildFile; fileRef = 1D5133D925F65BD90057ABDA /* FruitsModel.swift */; };
		1D5133DE25F65D600057ABDA /* FruitsData.swift in Sources */ = {isa = PBXBuildFile; fileRef = 1D5133DD25F65D600057ABDA /* FruitsData.swift */; };
		1D5133E525F725440057ABDA /* FruitRowView.swift in Sources */ = {isa = PBXBuildFile; fileRef = 1D5133E425F725430057ABDA /* FruitRowView.swift */; };
/* End PBXBuildFile section */

/* Begin PBXFileReference section */
		1D5133B725F5FDDA0057ABDA /* Fructus.app */ = {isa = PBXFileReference; explicitFileType = wrapper.application; includeInIndex = 0; path = Fructus.app; sourceTree = BUILT_PRODUCTS_DIR; };
		1D5133BA25F5FDDA0057ABDA /* FructusApp.swift */ = {isa = PBXFileReference; lastKnownFileType = sourcecode.swift; path = FructusApp.swift; sourceTree = "<group>"; };
		1D5133BC25F5FDDA0057ABDA /* ContentView.swift */ = {isa = PBXFileReference; lastKnownFileType = sourcecode.swift; path = ContentView.swift; sourceTree = "<group>"; };
		1D5133BE25F5FDDC0057ABDA /* Assets.xcassets */ = {isa = PBXFileReference; lastKnownFileType = folder.assetcatalog; path = Assets.xcassets; sourceTree = "<group>"; };
		1D5133C125F5FDDC0057ABDA /* Preview Assets.xcassets */ = {isa = PBXFileReference; lastKnownFileType = folder.assetcatalog; path = "Preview Assets.xcassets"; sourceTree = "<group>"; };
		1D5133C325F5FDDC0057ABDA /* Info.plist */ = {isa = PBXFileReference; lastKnownFileType = text.plist.xml; path = Info.plist; sourceTree = "<group>"; };
		1D5133CE25F60AA10057ABDA /* FruitCardView.swift */ = {isa = PBXFileReference; lastKnownFileType = sourcecode.swift; path = FruitCardView.swift; sourceTree = "<group>"; };
		1D5133D225F6127A0057ABDA /* StartButtonView.swift */ = {isa = PBXFileReference; lastKnownFileType = sourcecode.swift; path = StartButtonView.swift; sourceTree = "<group>"; };
		1D5133D525F619AC0057ABDA /* OnboardingView.swift */ = {isa = PBXFileReference; lastKnownFileType = sourcecode.swift; path = OnboardingView.swift; sourceTree = "<group>"; };
		1D5133D925F65BD90057ABDA /* FruitsModel.swift */ = {isa = PBXFileReference; lastKnownFileType = sourcecode.swift; path = FruitsModel.swift; sourceTree = "<group>"; };
		1D5133DD25F65D600057ABDA /* FruitsData.swift */ = {isa = PBXFileReference; lastKnownFileType = sourcecode.swift; path = FruitsData.swift; sourceTree = "<group>"; };
		1D5133E425F725430057ABDA /* FruitRowView.swift */ = {isa = PBXFileReference; lastKnownFileType = sourcecode.swift; path = FruitRowView.swift; sourceTree = "<group>"; };
/* End PBXFileReference section */

/* Begin PBXFrameworksBuildPhase section */
		1D5133B425F5FDDA0057ABDA /* Frameworks */ = {
			isa = PBXFrameworksBuildPhase;
			buildActionMask = 2147483647;
			files = (
			);
			runOnlyForDeploymentPostprocessing = 0;
		};
/* End PBXFrameworksBuildPhase section */

/* Begin PBXGroup section */
		1D5133AE25F5FDDA0057ABDA = {
			isa = PBXGroup;
			children = (
				1D5133B925F5FDDA0057ABDA /* Fructus */,
				1D5133B825F5FDDA0057ABDA /* Products */,
			);
			sourceTree = "<group>";
		};
		1D5133B825F5FDDA0057ABDA /* Products */ = {
			isa = PBXGroup;
			children = (
				1D5133B725F5FDDA0057ABDA /* Fructus.app */,
			);
			name = Products;
			sourceTree = "<group>";
		};
		1D5133B925F5FDDA0057ABDA /* Fructus */ = {
			isa = PBXGroup;
			children = (
				1D5133DC25F65D530057ABDA /* Data */,
				1D5133D825F65BCD0057ABDA /* Model */,
				1D5133CD25F6094B0057ABDA /* View */,
				1D5133CB25F609380057ABDA /* App */,
				1D5133BE25F5FDDC0057ABDA /* Assets.xcassets */,
				1D5133C325F5FDDC0057ABDA /* Info.plist */,
				1D5133C025F5FDDC0057ABDA /* Preview Content */,
			);
			path = Fructus;
			sourceTree = "<group>";
		};
		1D5133C025F5FDDC0057ABDA /* Preview Content */ = {
			isa = PBXGroup;
			children = (
				1D5133C125F5FDDC0057ABDA /* Preview Assets.xcassets */,
			);
			path = "Preview Content";
			sourceTree = "<group>";
		};
		1D5133CB25F609380057ABDA /* App */ = {
			isa = PBXGroup;
			children = (
				1D5133BA25F5FDDA0057ABDA /* FructusApp.swift */,
				1D5133BC25F5FDDA0057ABDA /* ContentView.swift */,
				1D5133D525F619AC0057ABDA /* OnboardingView.swift */,
			);
			path = App;
			sourceTree = "<group>";
		};
		1D5133CD25F6094B0057ABDA /* View */ = {
			isa = PBXGroup;
			children = (
				1D5133CE25F60AA10057ABDA /* FruitCardView.swift */,
				1D5133D225F6127A0057ABDA /* StartButtonView.swift */,
				1D5133E425F725430057ABDA /* FruitRowView.swift */,
			);
			path = View;
			sourceTree = "<group>";
		};
		1D5133D825F65BCD0057ABDA /* Model */ = {
			isa = PBXGroup;
			children = (
				1D5133D925F65BD90057ABDA /* FruitsModel.swift */,
			);
			path = Model;
			sourceTree = "<group>";
		};
		1D5133DC25F65D530057ABDA /* Data */ = {
			isa = PBXGroup;
			children = (
				1D5133DD25F65D600057ABDA /* FruitsData.swift */,
			);
			path = Data;
			sourceTree = "<group>";
		};
/* End PBXGroup section */

/* Begin PBXNativeTarget section */
		1D5133B625F5FDDA0057ABDA /* Fructus */ = {
			isa = PBXNativeTarget;
			buildConfigurationList = 1D5133C625F5FDDC0057ABDA /* Build configuration list for PBXNativeTarget "Fructus" */;
			buildPhases = (
				1D5133B325F5FDDA0057ABDA /* Sources */,
				1D5133B425F5FDDA0057ABDA /* Frameworks */,
				1D5133B525F5FDDA0057ABDA /* Resources */,
			);
			buildRules = (
			);
			dependencies = (
			);
			name = Fructus;
			productName = Fructus;
			productReference = 1D5133B725F5FDDA0057ABDA /* Fructus.app */;
			productType = "com.apple.product-type.application";
		};
/* End PBXNativeTarget section */

/* Begin PBXProject section */
		1D5133AF25F5FDDA0057ABDA /* Project object */ = {
			isa = PBXProject;
			attributes = {
				LastSwiftUpdateCheck = 1240;
				LastUpgradeCheck = 1240;
				TargetAttributes = {
					1D5133B625F5FDDA0057ABDA = {
						CreatedOnToolsVersion = 12.4;
					};
				};
			};
			buildConfigurationList = 1D5133B225F5FDDA0057ABDA /* Build configuration list for PBXProject "Fructus" */;
			compatibilityVersion = "Xcode 9.3";
			developmentRegion = en;
			hasScannedForEncodings = 0;
			knownRegions = (
				en,
				Base,
			);
			mainGroup = 1D5133AE25F5FDDA0057ABDA;
			productRefGroup = 1D5133B825F5FDDA0057ABDA /* Products */;
			projectDirPath = "";
			projectRoot = "";
			targets = (
				1D5133B625F5FDDA0057ABDA /* Fructus */,
			);
		};
/* End PBXProject section */

/* Begin PBXResourcesBuildPhase section */
		1D5133B525F5FDDA0057ABDA /* Resources */ = {
			isa = PBXResourcesBuildPhase;
			buildActionMask = 2147483647;
			files = (
				1D5133C225F5FDDC0057ABDA /* Preview Assets.xcassets in Resources */,
				1D5133BF25F5FDDC0057ABDA /* Assets.xcassets in Resources */,
			);
			runOnlyForDeploymentPostprocessing = 0;
		};
/* End PBXResourcesBuildPhase section */

/* Begin PBXSourcesBuildPhase section */
		1D5133B325F5FDDA0057ABDA /* Sources */ = {
			isa = PBXSourcesBuildPhase;
			buildActionMask = 2147483647;
			files = (
				1D5133CF25F60AA10057ABDA /* FruitCardView.swift in Sources */,
				1D5133D325F6127A0057ABDA /* StartButtonView.swift in Sources */,
				1D5133E525F725440057ABDA /* FruitRowView.swift in Sources */,
				1D5133DA25F65BD90057ABDA /* FruitsModel.swift in Sources */,
				1D5133BD25F5FDDA0057ABDA /* ContentView.swift in Sources */,
				1D5133DE25F65D600057ABDA /* FruitsData.swift in Sources */,
				1D5133D625F619AC0057ABDA /* OnboardingView.swift in Sources */,
				1D5133BB25F5FDDA0057ABDA /* FructusApp.swift in Sources */,
			);
			runOnlyForDeploymentPostprocessing = 0;
		};
/* End PBXSourcesBuildPhase section */

/* Begin XCBuildConfiguration section */
		1D5133C425F5FDDC0057ABDA /* Debug */ = {
			isa = XCBuildConfiguration;
			buildSettings = {
				ALWAYS_SEARCH_USER_PATHS = NO;
				CLANG_ANALYZER_NONNULL = YES;
				CLANG_ANALYZER_NUMBER_OBJECT_CONVERSION = YES_AGGRESSIVE;
				CLANG_CXX_LANGUAGE_STANDARD = "gnu++14";
				CLANG_CXX_LIBRARY = "libc++";
				CLANG_ENABLE_MODULES = YES;
				CLANG_ENABLE_OBJC_ARC = YES;
				CLANG_ENABLE_OBJC_WEAK = YES;
				CLANG_WARN_BLOCK_CAPTURE_AUTORELEASING = YES;
				CLANG_WARN_BOOL_CONVERSION = YES;
				CLANG_WARN_COMMA = YES;
				CLANG_WARN_CONSTANT_CONVERSION = YES;
				CLANG_WARN_DEPRECATED_OBJC_IMPLEMENTATIONS = YES;
				CLANG_WARN_DIRECT_OBJC_ISA_USAGE = YES_ERROR;
				CLANG_WARN_DOCUMENTATION_COMMENTS = YES;
				CLANG_WARN_EMPTY_BODY = YES;
				CLANG_WARN_ENUM_CONVERSION = YES;
				CLANG_WARN_INFINITE_RECURSION = YES;
				CLANG_WARN_INT_CONVERSION = YES;
				CLANG_WARN_NON_LITERAL_NULL_CONVERSION = YES;
				CLANG_WARN_OBJC_IMPLICIT_RETAIN_SELF = YES;
				CLANG_WARN_OBJC_LITERAL_CONVERSION = YES;
				CLANG_WARN_OBJC_ROOT_CLASS = YES_ERROR;
				CLANG_WARN_QUOTED_INCLUDE_IN_FRAMEWORK_HEADER = YES;
				CLANG_WARN_RANGE_LOOP_ANALYSIS = YES;
				CLANG_WARN_STRICT_PROTOTYPES = YES;
				CLANG_WARN_SUSPICIOUS_MOVE = YES;
				CLANG_WARN_UNGUARDED_AVAILABILITY = YES_AGGRESSIVE;
				CLANG_WARN_UNREACHABLE_CODE = YES;
				CLANG_WARN__DUPLICATE_METHOD_MATCH = YES;
				COPY_PHASE_STRIP = NO;
				DEBUG_INFORMATION_FORMAT = dwarf;
				ENABLE_STRICT_OBJC_MSGSEND = YES;
				ENABLE_TESTABILITY = YES;
				GCC_C_LANGUAGE_STANDARD = gnu11;
				GCC_DYNAMIC_NO_PIC = NO;
				GCC_NO_COMMON_BLOCKS = YES;
				GCC_OPTIMIZATION_LEVEL = 0;
				GCC_PREPROCESSOR_DEFINITIONS = (
					"DEBUG=1",
					"$(inherited)",
				);
				GCC_WARN_64_TO_32_BIT_CONVERSION = YES;
				GCC_WARN_ABOUT_RETURN_TYPE = YES_ERROR;
				GCC_WARN_UNDECLARED_SELECTOR = YES;
				GCC_WARN_UNINITIALIZED_AUTOS = YES_AGGRESSIVE;
				GCC_WARN_UNUSED_FUNCTION = YES;
				GCC_WARN_UNUSED_VARIABLE = YES;
				IPHONEOS_DEPLOYMENT_TARGET = 14.4;
				MTL_ENABLE_DEBUG_INFO = INCLUDE_SOURCE;
				MTL_FAST_MATH = YES;
				ONLY_ACTIVE_ARCH = YES;
				SDKROOT = iphoneos;
				SWIFT_ACTIVE_COMPILATION_CONDITIONS = DEBUG;
				SWIFT_OPTIMIZATION_LEVEL = "-Onone";
			};
			name = Debug;
		};
		1D5133C525F5FDDC0057ABDA /* Release */ = {
			isa = XCBuildConfiguration;
			buildSettings = {
				ALWAYS_SEARCH_USER_PATHS = NO;
				CLANG_ANALYZER_NONNULL = YES;
				CLANG_ANALYZER_NUMBER_OBJECT_CONVERSION = YES_AGGRESSIVE;
				CLANG_CXX_LANGUAGE_STANDARD = "gnu++14";
				CLANG_CXX_LIBRARY = "libc++";
				CLANG_ENABLE_MODULES = YES;
				CLANG_ENABLE_OBJC_ARC = YES;
				CLANG_ENABLE_OBJC_WEAK = YES;
				CLANG_WARN_BLOCK_CAPTURE_AUTORELEASING = YES;
				CLANG_WARN_BOOL_CONVERSION = YES;
				CLANG_WARN_COMMA = YES;
				CLANG_WARN_CONSTANT_CONVERSION = YES;
				CLANG_WARN_DEPRECATED_OBJC_IMPLEMENTATIONS = YES;
				CLANG_WARN_DIRECT_OBJC_ISA_USAGE = YES_ERROR;
				CLANG_WARN_DOCUMENTATION_COMMENTS = YES;
				CLANG_WARN_EMPTY_BODY = YES;
				CLANG_WARN_ENUM_CONVERSION = YES;
				CLANG_WARN_INFINITE_RECURSION = YES;
				CLANG_WARN_INT_CONVERSION = YES;
				CLANG_WARN_NON_LITERAL_NULL_CONVERSION = YES;
				CLANG_WARN_OBJC_IMPLICIT_RETAIN_SELF = YES;
				CLANG_WARN_OBJC_LITERAL_CONVERSION = YES;
				CLANG_WARN_OBJC_ROOT_CLASS = YES_ERROR;
				CLANG_WARN_QUOTED_INCLUDE_IN_FRAMEWORK_HEADER = YES;
				CLANG_WARN_RANGE_LOOP_ANALYSIS = YES;
				CLANG_WARN_STRICT_PROTOTYPES = YES;
				CLANG_WARN_SUSPICIOUS_MOVE = YES;
				CLANG_WARN_UNGUARDED_AVAILABILITY = YES_AGGRESSIVE;
				CLANG_WARN_UNREACHABLE_CODE = YES;
				CLANG_WARN__DUPLICATE_METHOD_MATCH = YES;
				COPY_PHASE_STRIP = NO;
				DEBUG_INFORMATION_FORMAT = "dwarf-with-dsym";
				ENABLE_NS_ASSERTIONS = NO;
				ENABLE_STRICT_OBJC_MSGSEND = YES;
				GCC_C_LANGUAGE_STANDARD = gnu11;
				GCC_NO_COMMON_BLOCKS = YES;
				GCC_WARN_64_TO_32_BIT_CONVERSION = YES;
				GCC_WARN_ABOUT_RETURN_TYPE = YES_ERROR;
				GCC_WARN_UNDECLARED_SELECTOR = YES;
				GCC_WARN_UNINITIALIZED_AUTOS = YES_AGGRESSIVE;
				GCC_WARN_UNUSED_FUNCTION = YES;
				GCC_WARN_UNUSED_VARIABLE = YES;
				IPHONEOS_DEPLOYMENT_TARGET = 14.4;
				MTL_ENABLE_DEBUG_INFO = NO;
				MTL_FAST_MATH = YES;
				SDKROOT = iphoneos;
				SWIFT_COMPILATION_MODE = wholemodule;
				SWIFT_OPTIMIZATION_LEVEL = "-O";
				VALIDATE_PRODUCT = YES;
			};
			name = Release;
		};
		1D5133C725F5FDDC0057ABDA /* Debug */ = {
			isa = XCBuildConfiguration;
			buildSettings = {
				ASSETCATALOG_COMPILER_APPICON_NAME = AppIcon;
				ASSETCATALOG_COMPILER_GLOBAL_ACCENT_COLOR_NAME = AccentColor;
				CODE_SIGN_STYLE = Automatic;
				DEVELOPMENT_ASSET_PATHS = "\"Fructus/Preview Content\"";
				DEVELOPMENT_TEAM = 5HZQ3M82FA;
				ENABLE_PREVIEWS = YES;
				INFOPLIST_FILE = Fructus/Info.plist;
				IPHONEOS_DEPLOYMENT_TARGET = 14.0;
				LD_RUNPATH_SEARCH_PATHS = (
					"$(inherited)",
					"@executable_path/Frameworks",
				);
				PRODUCT_BUNDLE_IDENTIFIER = Seunghun.Fructus;
				PRODUCT_NAME = "$(TARGET_NAME)";
				SWIFT_VERSION = 5.0;
				TARGETED_DEVICE_FAMILY = "1,2";
			};
			name = Debug;
		};
		1D5133C825F5FDDC0057ABDA /* Release */ = {
			isa = XCBuildConfiguration;
			buildSettings = {
				ASSETCATALOG_COMPILER_APPICON_NAME = AppIcon;
				ASSETCATALOG_COMPILER_GLOBAL_ACCENT_COLOR_NAME = AccentColor;
				CODE_SIGN_STYLE = Automatic;
				DEVELOPMENT_ASSET_PATHS = "\"Fructus/Preview Content\"";
				DEVELOPMENT_TEAM = 5HZQ3M82FA;
				ENABLE_PREVIEWS = YES;
				INFOPLIST_FILE = Fructus/Info.plist;
				IPHONEOS_DEPLOYMENT_TARGET = 14.0;
				LD_RUNPATH_SEARCH_PATHS = (
					"$(inherited)",
					"@executable_path/Frameworks",
				);
				PRODUCT_BUNDLE_IDENTIFIER = Seunghun.Fructus;
				PRODUCT_NAME = "$(TARGET_NAME)";
				SWIFT_VERSION = 5.0;
				TARGETED_DEVICE_FAMILY = "1,2";
			};
			name = Release;
		};
/* End XCBuildConfiguration section */

/* Begin XCConfigurationList section */
		1D5133B225F5FDDA0057ABDA /* Build configuration list for PBXProject "Fructus" */ = {
			isa = XCConfigurationList;
			buildConfigurations = (
				1D5133C425F5FDDC0057ABDA /* Debug */,
				1D5133C525F5FDDC0057ABDA /* Release */,
			);
			defaultConfigurationIsVisible = 0;
			defaultConfigurationName = Release;
		};
		1D5133C625F5FDDC0057ABDA /* Build configuration list for PBXNativeTarget "Fructus" */ = {
			isa = XCConfigurationList;
			buildConfigurations = (
				1D5133C725F5FDDC0057ABDA /* Debug */,
				1D5133C825F5FDDC0057ABDA /* Release */,
			);
			defaultConfigurationIsVisible = 0;
			defaultConfigurationName = Release;
		};
/* End XCConfigurationList section */
	};
	rootObject = 1D5133AF25F5FDDA0057ABDA /* Project object */;
}
